
Microsoft Visual Studio Solution File, Format Version 12.00
# Visual Studio Version 16
VisualStudioVersion = 16.0.31624.102
MinimumVisualStudioVersion = 10.0.40219.1
Project("{FAE04EC0-301F-11D3-BF4B-00C04F79EFBC}") = "TODOApis", "TODOApis\TODOApis.csproj", "{D28A3B6D-374E-4164-AD5A-B5A487C1FD9C}"
EndProject
Global
	GlobalSection(SolutionConfigurationPlatforms) = preSolution
		Debug|Any CPU = Debug|Any CPU
		Release|Any CPU = Release|Any CPU
	EndGlobalSection
	GlobalSection(ProjectConfigurationPlatforms) = postSolution
		{D28A3B6D-374E-4164-AD5A-B5A487C1FD9C}.Debug|Any CPU.ActiveCfg = Debug|Any CPU
		{D28A3B6D-374E-4164-AD5A-B5A487C1FD9C}.Debug|Any CPU.Build.0 = Debug|Any CPU
		{D28A3B6D-374E-4164-AD5A-B5A487C1FD9C}.Release|Any CPU.ActiveCfg = Release|Any CPU
		{D28A3B6D-374E-4164-AD5A-B5A487C1FD9C}.Release|Any CPU.Build.0 = Release|Any CPU
	EndGlobalSection
	GlobalSection(SolutionProperties) = preSolution
		HideSolutionNode = FALSE
	EndGlobalSection
	GlobalSection(ExtensibilityGlobals) = postSolution
		SolutionGuid = {58C153E4-8D1B-44AF-8B16-C675A8CF451D}
	EndGlobalSection
EndGlobal
